{
  "name": "CircleProgress",
  "lockfileVersion": 2,
  "requires": true,
  "packages": {
    "": {
      "dependencies": {
        "uniapp-devtool-launcher-webpack-plugin": "^1.0.2"
      }
    },
    "node_modules/uniapp-devtool-launcher-webpack-plugin": {
      "version": "1.0.2",
      "resolved": "https://registry.npmmirror.com/uniapp-devtool-launcher-webpack-plugin/-/uniapp-devtool-launcher-webpack-plugin-1.0.2.tgz",
      "integrity": "sha512-9r1sF9+Ss3bgaAiegH3CRyKoc9e4vd4sfDTwgOHggcjU3crTL8B2cIIMA86vI78rngHoiRp6i19PtUJ5HS1q1Q=="
    }
  },
  "dependencies": {
    "uniapp-devtool-launcher-webpack-plugin": {
      "version": "1.0.2",
      "resolved": "https://registry.npmmirror.com/uniapp-devtool-launcher-webpack-plugin/-/uniapp-devtool-launcher-webpack-plugin-1.0.2.tgz",
      "integrity": "sha512-9r1sF9+Ss3bgaAiegH3CRyKoc9e4vd4sfDTwgOHggcjU3crTL8B2cIIMA86vI78rngHoiRp6i19PtUJ5HS1q1Q=="
    }
  }
}
